
Microsoft Visual Studio Solution File, Format Version 12.00
# Visual Studio 15
VisualStudioVersion = 15.0.27703.2042
MinimumVisualStudioVersion = 10.0.40219.1
Project("{FAE04EC0-301F-11D3-BF4B-00C04F79EFBC}") = "Yahoo.Yui.Compressor", "src\Yahoo.Yui.Compressor\Yahoo.Yui.Compressor.csproj", "{4C693C00-BED0-42B8-8BB9-D991A100BBA1}"
EndProject
Project("{FAE04EC0-301F-11D3-BF4B-00C04F79EFBC}") = "Yahoo.Yui.Compressor.Tests", "tests\Yahoo.Yui.Compressor.Tests\Yahoo.Yui.Compressor.Tests.csproj", "{68BDB5AA-CD66-4912-B047-00494C8C4B7C}"
EndProject
Global
	GlobalSection(SolutionConfigurationPlatforms) = preSolution
		Debug|Any CPU = Debug|Any CPU
		Release|Any CPU = Release|Any CPU
	EndGlobalSection
	GlobalSection(ProjectConfigurationPlatforms) = postSolution
		{4C693C00-BED0-42B8-8BB9-D991A100BBA1}.Debug|Any CPU.ActiveCfg = Debug|Any CPU
		{4C693C00-BED0-42B8-8BB9-D991A100BBA1}.Debug|Any CPU.Build.0 = Debug|Any CPU
		{4C693C00-BED0-42B8-8BB9-D991A100BBA1}.Release|Any CPU.ActiveCfg = Release|Any CPU
		{4C693C00-BED0-42B8-8BB9-D991A100BBA1}.Release|Any CPU.Build.0 = Release|Any CPU
		{68BDB5AA-CD66-4912-B047-00494C8C4B7C}.Debug|Any CPU.ActiveCfg = Debug|Any CPU
		{68BDB5AA-CD66-4912-B047-00494C8C4B7C}.Debug|Any CPU.Build.0 = Debug|Any CPU
		{68BDB5AA-CD66-4912-B047-00494C8C4B7C}.Release|Any CPU.ActiveCfg = Release|Any CPU
		{68BDB5AA-CD66-4912-B047-00494C8C4B7C}.Release|Any CPU.Build.0 = Release|Any CPU
	EndGlobalSection
	GlobalSection(SolutionProperties) = preSolution
		HideSolutionNode = FALSE
	EndGlobalSection
	GlobalSection(ExtensibilityGlobals) = postSolution
		SolutionGuid = {30AEE6C4-0B18-488F-B41D-D6DF15791D7B}
	EndGlobalSection
EndGlobal
