
Microsoft Visual Studio Solution File, Format Version 12.00
# Visual Studio 2013
VisualStudioVersion = 12.0.30110.0
MinimumVisualStudioVersion = 10.0.40219.1
Project("{FAE04EC0-301F-11D3-BF4B-00C04F79EFBC}") = "Yahoo.Yui.Compressor", "Code\Yahoo.Yui.Compressor\Yahoo.Yui.Compressor.csproj", "{AFDF50F0-286B-4490-9EBD-007561864738}"
EndProject
Project("{FAE04EC0-301F-11D3-BF4B-00C04F79EFBC}") = "Yahoo.Yui.Compressor.Tests", "Code\Yahoo.Yui.Compressor.Tests\Yahoo.Yui.Compressor.Tests.csproj", "{0EDDD853-D3FD-4118-8210-2F9BBFE887C4}"
EndProject
Project("{FAE04EC0-301F-11D3-BF4B-00C04F79EFBC}") = "Yahoo.Yui.Compressor.Build.MsBuild", "Code\Yahoo.Yui.Compressor.Build.MsBuild\Yahoo.Yui.Compressor.Build.MsBuild.csproj", "{1A7860DE-18F7-46D0-98B9-F304814DF4B0}"
EndProject
Project("{FAE04EC0-301F-11D3-BF4B-00C04F79EFBC}") = "Yahoo.Yui.Compressor.Build.Nant", "Code\Yahoo.Yui.Compressor.Build.Nant\Yahoo.Yui.Compressor.Build.Nant.csproj", "{B25483E2-C7A9-4BC6-832A-08F2270B5C84}"
EndProject
Project("{FAE04EC0-301F-11D3-BF4B-00C04F79EFBC}") = "Yahoo.Yui.Compressor.Web.Optimization", "Code\Yahoo.Yui.Compressor.Web.Optimization\Yahoo.Yui.Compressor.Web.Optimization.csproj", "{87F4FDFA-533F-42FA-859E-78AD521E99BB}"
EndProject
Project("{2150E333-8FDC-42A3-9474-1A3956D46DE8}") = "Shared Assembly Info", "Shared Assembly Info", "{73966700-1FE3-4128-9DCF-49BE8172E0A9}"
	ProjectSection(SolutionItems) = preProject
		Code\Shared Assembly Info\SharedAssemblyInfo.cs = Code\Shared Assembly Info\SharedAssemblyInfo.cs
	EndProjectSection
EndProject
Global
	GlobalSection(SolutionConfigurationPlatforms) = preSolution
		Debug|Any CPU = Debug|Any CPU
		Release|Any CPU = Release|Any CPU
	EndGlobalSection
	GlobalSection(ProjectConfigurationPlatforms) = postSolution
		{AFDF50F0-286B-4490-9EBD-007561864738}.Debug|Any CPU.ActiveCfg = Debug|Any CPU
		{AFDF50F0-286B-4490-9EBD-007561864738}.Debug|Any CPU.Build.0 = Debug|Any CPU
		{AFDF50F0-286B-4490-9EBD-007561864738}.Release|Any CPU.ActiveCfg = Release|Any CPU
		{AFDF50F0-286B-4490-9EBD-007561864738}.Release|Any CPU.Build.0 = Release|Any CPU
		{0EDDD853-D3FD-4118-8210-2F9BBFE887C4}.Debug|Any CPU.ActiveCfg = Debug|Any CPU
		{0EDDD853-D3FD-4118-8210-2F9BBFE887C4}.Debug|Any CPU.Build.0 = Debug|Any CPU
		{0EDDD853-D3FD-4118-8210-2F9BBFE887C4}.Release|Any CPU.ActiveCfg = Release|Any CPU
		{0EDDD853-D3FD-4118-8210-2F9BBFE887C4}.Release|Any CPU.Build.0 = Release|Any CPU
		{1A7860DE-18F7-46D0-98B9-F304814DF4B0}.Debug|Any CPU.ActiveCfg = Debug|Any CPU
		{1A7860DE-18F7-46D0-98B9-F304814DF4B0}.Debug|Any CPU.Build.0 = Debug|Any CPU
		{1A7860DE-18F7-46D0-98B9-F304814DF4B0}.Release|Any CPU.ActiveCfg = Release|Any CPU
		{1A7860DE-18F7-46D0-98B9-F304814DF4B0}.Release|Any CPU.Build.0 = Release|Any CPU
		{B25483E2-C7A9-4BC6-832A-08F2270B5C84}.Debug|Any CPU.ActiveCfg = Debug|Any CPU
		{B25483E2-C7A9-4BC6-832A-08F2270B5C84}.Debug|Any CPU.Build.0 = Debug|Any CPU
		{B25483E2-C7A9-4BC6-832A-08F2270B5C84}.Release|Any CPU.ActiveCfg = Release|Any CPU
		{B25483E2-C7A9-4BC6-832A-08F2270B5C84}.Release|Any CPU.Build.0 = Release|Any CPU
		{87F4FDFA-533F-42FA-859E-78AD521E99BB}.Debug|Any CPU.ActiveCfg = Debug|Any CPU
		{87F4FDFA-533F-42FA-859E-78AD521E99BB}.Debug|Any CPU.Build.0 = Debug|Any CPU
		{87F4FDFA-533F-42FA-859E-78AD521E99BB}.Release|Any CPU.ActiveCfg = Release|Any CPU
		{87F4FDFA-533F-42FA-859E-78AD521E99BB}.Release|Any CPU.Build.0 = Release|Any CPU
	EndGlobalSection
	GlobalSection(SolutionProperties) = preSolution
		HideSolutionNode = FALSE
	EndGlobalSection
	GlobalSection(TestCaseManagementSettings) = postSolution
		CategoryFile = YUICompressor.vsmdi
	EndGlobalSection
EndGlobal
